# THIS IS AN AUTOGENERATED FILE. DO NOT EDIT THIS FILE DIRECTLY.
# yarn lockfile v1


classlayer@^3.0.0:
  version "3.0.0"
  resolved "https://registry.yarnpkg.com/classlayer/-/classlayer-3.0.0.tgz#7b45f1552da9b0c8028488ed0010449f82c68102"

lodash@^4.17.4:
  version "4.17.4"
  resolved "https://registry.yarnpkg.com/lodash/-/lodash-4.17.4.tgz#78203a4d1c328ae1d86dca6460e369b57f4055ae"
